steps:
  - launch: com.vitalyiegorov.budgie.e2e
  - tool: open-url
    args:
      url: budgie://settings?anchor=data
  - tool: gesture-tap
    args:
      x: 0.684
      y: 0.542
  - when:
      visible: &a1
        text: Not Now
    steps:
      - tap: *a1
  - await:
      idle: true
  - when:
      hidden:
        id: SettingsPage.Container
    steps:
      - tool: open-url
        args:
          url: budgie://settings
      - tool: gesture-tap
        args:
          x: 0.684
          y: 0.542
      - await:
          idle: true
      - await:
          visible:
            id: SettingsPage.Container
          timeout: 15000
  - await:
      visible:
        id: SettingsPage.Container
      timeout: 15000
  - echo: Optional scroll probe for {"id":"SettingsPage.ImportDatabaseCard"}
  - when:
      hidden:
        id: SettingsPage.ImportDatabaseCard
    steps:
      - scroll-to:
          target:
            id: SettingsPage.ImportDatabaseCard
          direction: down
      - await:
          idle: true
  - await:
      visible:
        id: SettingsPage.ImportDatabaseCard
      timeout: 5000
  - tap:
      id: SettingsPage.ImportDatabaseCard
  - await:
      idle: true
  - await:
      visible:
        text: Cancel
      timeout: 15000
  - when:
      visible:
        text: Apple Account Verification
    steps:
      - tap:
          text: Not Now
      - await:
          idle: true
  - when:
      visible:
        text: No Results for .*
    steps:
      - when:
          visible: &a2
            text: Clear text
        steps:
          - tap: *a2
      - await:
          idle: true
  - when:
      hidden:
        id: 17.db
    steps:
      - when:
          visible:
            id: E2EFixtures, Folder
        steps:
          - tap:
              id: E2EFixtures, Folder
          - await:
              idle: true
      - when:
          visible:
            text: budgie \(E2E\), Actions Menu
        steps:
          - await:
              visible:
                id: E2EFixtures, Folder
              timeout: 3000
          - tap:
              id: E2EFixtures, Folder
          - await:
              idle: true
      - when:
          hidden:
            text: E2EFixtures, Actions Menu
        steps:
          - when:
              hidden:
                text: budgie \(E2E\), Actions Menu
            steps:
              - when:
                  visible: &a3
                    id: BackButton
                steps:
                  - tap: *a3
              - when:
                  visible: &a4
                    id: BackButton
                steps:
                  - tap: *a4
              - when:
                  visible: &a5
                    id: BackButton
                steps:
                  - tap: *a5
              - when:
                  visible: &a6
                    text: Browse
                steps:
                  - tap: *a6
              - await:
                  idle: true
              - when:
                  hidden:
                    text: budgie \(E2E\)
                steps:
                  - when:
                      visible:
                        text: On My iPhone
                    steps:
                      - tap:
                          text: On My iPhone
                      - await:
                          idle: true
              - when:
                  hidden:
                    text: budgie \(E2E\)
                steps:
                  - scroll-to:
                      target:
                        text: budgie \(E2E\)
                      direction: down
              - await:
                  visible:
                    text: budgie \(E2E\)
                  timeout: 3000
              - tap:
                  text: budgie \(E2E\)
              - await:
                  idle: true
              - await:
                  visible:
                    id: E2EFixtures, Folder
                  timeout: 3000
              - tap:
                  id: E2EFixtures, Folder
              - await:
                  idle: true
  - echo: Optional scroll probe for {"id":"17.db"}
  - when:
      hidden:
        id: 17.db
    steps:
      - scroll-to:
          target:
            text: 17.db
          direction: down
  - await:
      idle: true
  - when:
      visible:
        id: 17.db
    steps:
      - tap:
          id: 17.db
  - when:
      hidden:
        id: 17.db
    steps:
      - when:
          visible: &a7
            text: 17.db
        steps:
          - tap: *a7
  - await:
      idle: true
  - when:
      visible:
        text: Continue
    steps:
      - tap:
          text: Continue
      - await:
          idle: true
      - when:
          visible:
            id: 17.db
        steps:
          - tap:
              id: 17.db
      - when:
          hidden:
            id: 17.db
        steps:
          - when:
              visible: &a8
                text: 17.db
            steps:
              - tap: *a8
      - await:
          idle: true
  - when:
      visible:
        text: Open
    steps:
      - tap:
          text: Open
  - await:
      visible:
        text: Importing a database will replace all current data.*
      timeout: 3000
  - tap:
      text: Import Database
  - await:
      idle: true
  - await:
      visible:
        id: TabBar.Home
      timeout: 30000
  - tap:
      id: TabBar.Home
  - await:
      visible:
        id: HomePage.TotalBalance
      timeout: 30000
  - tool: open-url
    args:
      url: budgie://settings
  - tool: gesture-tap
    args:
      x: 0.684
      y: 0.542
  - await:
      idle: true
  - await:
      visible:
        id: SettingsPage.Container
      timeout: 15000
  - echo: Optional scroll probe for {"id":"SettingsPage.AppLockCard"}
  - when:
      hidden:
        id: SettingsPage.AppLockCard
    steps:
      - scroll-to:
          target:
            id: SettingsPage.AppLockCard
          direction: down
  - await:
      idle: true
  - await:
      visible:
        id: SettingsPage.AppLockCard
      timeout: 3000
  - tap:
      id: SettingsPage.AppLockCard
  - await:
      visible:
        id: PinPage.Container
      timeout: 3000
  - await:
      visible:
        id: PinPage.Container
      timeout: 10000
  - tap:
      id: PinPage.Digit.1
  - tap:
      id: PinPage.Digit.2
  - tap:
      id: PinPage.Digit.3
  - tap:
      id: PinPage.Digit.4
  - await:
      visible:
        id: PinPage.Container
      timeout: 10000
  - tap:
      id: PinPage.Digit.1
  - tap:
      id: PinPage.Digit.2
  - tap:
      id: PinPage.Digit.3
  - tap:
      id: PinPage.Digit.4
  - await:
      visible:
        text: Enter your PIN
      timeout: 10000
  - tap:
      id: PinPage.Digit.1
  - tap:
      id: PinPage.Digit.1
  - tap:
      id: PinPage.Digit.1
  - tap:
      id: PinPage.Digit.1
  - await:
      visible:
        id: PinPage.Error
      timeout: 10000
  - tap:
      id: PinPage.Digit.1
  - tap:
      id: PinPage.Digit.2
  - tap:
      id: PinPage.Digit.3
  - tap:
      id: PinPage.Digit.4
  - await:
      visible:
        id: TabBar.Settings
      timeout: 10000
  - tool: open-url
    args:
      url: budgie://settings
  - tool: gesture-tap
    args:
      x: 0.684
      y: 0.542
  - await:
      idle: true
  - await:
      visible:
        id: SettingsPage.Container
      timeout: 15000
  - echo: Optional scroll probe for {"id":"SettingsPage.AppLockChangePinButton"}
  - when:
      hidden:
        id: SettingsPage.AppLockChangePinButton
    steps:
      - scroll-to:
          target:
            id: SettingsPage.AppLockChangePinButton
          direction: down
  - await:
      idle: true
  - await:
      visible:
        id: SettingsPage.AppLockChangePinButton
      timeout: 3000
  - tap:
      id: SettingsPage.AppLockChangePinButton
  - await:
      visible:
        id: PinPage.Container
      timeout: 3000
  - await:
      visible:
        id: PinPage.Container
      timeout: 10000
  - tap:
      id: PinPage.Digit.1
  - tap:
      id: PinPage.Digit.2
  - tap:
      id: PinPage.Digit.3
  - tap:
      id: PinPage.Digit.4
  - await:
      visible:
        id: PinPage.Container
      timeout: 10000
  - tap:
      id: PinPage.Digit.5
  - tap:
      id: PinPage.Digit.6
  - tap:
      id: PinPage.Digit.7
  - tap:
      id: PinPage.Digit.8
  - await:
      visible:
        id: PinPage.Container
      timeout: 10000
  - tap:
      id: PinPage.Digit.5
  - tap:
      id: PinPage.Digit.6
  - tap:
      id: PinPage.Digit.7
  - tap:
      id: PinPage.Digit.8
  - await:
      visible:
        text: Enter your PIN
      timeout: 10000
  - tap:
      id: PinPage.Digit.1
  - tap:
      id: PinPage.Digit.2
  - tap:
      id: PinPage.Digit.3
  - tap:
      id: PinPage.Digit.4
  - await:
      visible:
        id: PinPage.Error
      timeout: 10000
  - tap:
      id: PinPage.Digit.5
  - tap:
      id: PinPage.Digit.6
  - tap:
      id: PinPage.Digit.7
  - tap:
      id: PinPage.Digit.8
  - await:
      visible:
        id: TabBar.Settings
      timeout: 10000
  - tool: open-url
    args:
      url: budgie://settings
  - tool: gesture-tap
    args:
      x: 0.684
      y: 0.542
  - await:
      idle: true
  - await:
      visible:
        id: SettingsPage.Container
      timeout: 15000
  - echo: Optional scroll probe for {"id":"SettingsPage.AppLockDisableButton"}
  - when:
      hidden:
        id: SettingsPage.AppLockDisableButton
    steps:
      - scroll-to:
          target:
            id: SettingsPage.AppLockDisableButton
          direction: down
  - await:
      idle: true
  - await:
      visible:
        id: SettingsPage.AppLockDisableButton
      timeout: 3000
  - tap:
      id: SettingsPage.AppLockDisableButton
  - await:
      visible:
        id: PinPage.Container
      timeout: 3000
  - await:
      visible:
        id: PinPage.Container
      timeout: 10000
  - tap:
      id: PinPage.Digit.5
  - tap:
      id: PinPage.Digit.6
  - tap:
      id: PinPage.Digit.7
  - tap:
      id: PinPage.Digit.8
  - await:
      visible:
        id: TabBar.Settings
      timeout: 10000
  - tap:
      id: TabBar.Home
  - await:
      visible:
        id: HomePage.TotalBalance
      timeout: 10000
